// !$*UTF8*$!
{
	archiveVersion = 1;
	classes = {
	};
	objectVersion = 46;
	objects = {

/* Begin PBXBuildFile section */
		F02B47F61EA49F5B00C407D9 /* AppDelegate.swift in Sources */ = {isa = PBXBuildFile; fileRef = F02B47F51EA49F5B00C407D9 /* AppDelegate.swift */; };
		F02B47FB1EA49F5B00C407D9 /* Main.storyboard in Resources */ = {isa = PBXBuildFile; fileRef = F02B47F91EA49F5B00C407D9 /* Main.storyboard */; };
		F02B47FD1EA49F5B00C407D9 /* Assets.xcassets in Resources */ = {isa = PBXBuildFile; fileRef = F02B47FC1EA49F5B00C407D9 /* Assets.xcassets */; };
		F02B48001EA49F5B00C407D9 /* LaunchScreen.storyboard in Resources */ = {isa = PBXBuildFile; fileRef = F02B47FE1EA49F5B00C407D9 /* LaunchScreen.storyboard */; };
		F02B48171EA49FF400C407D9 /* Country.swift in Sources */ = {isa = PBXBuildFile; fileRef = F02B48161EA49FF400C407D9 /* Country.swift */; };
		F02B48191EA4A03B00C407D9 /* CountryCode.swift in Sources */ = {isa = PBXBuildFile; fileRef = F02B48181EA4A03B00C407D9 /* CountryCode.swift */; };
		F02B481C1EA4A1F200C407D9 /* APIManager.swift in Sources */ = {isa = PBXBuildFile; fileRef = F02B481B1EA4A1F200C407D9 /* APIManager.swift */; };
		F02B481F1EA4A82E00C407D9 /* CountriesCollectionViewController.swift in Sources */ = {isa = PBXBuildFile; fileRef = F02B481E1EA4A82E00C407D9 /* CountriesCollectionViewController.swift */; };
		F02B48221EA4AD0600C407D9 /* DataSource.swift in Sources */ = {isa = PBXBuildFile; fileRef = F02B48211EA4AD0600C407D9 /* DataSource.swift */; };
		F02B48241EA4ADE700C407D9 /* Country+DataSource.swift in Sources */ = {isa = PBXBuildFile; fileRef = F02B48231EA4ADE700C407D9 /* Country+DataSource.swift */; };
		F02B48291EA4B76700C407D9 /* CountryCollectionViewCell.swift in Sources */ = {isa = PBXBuildFile; fileRef = F02B48281EA4B76700C407D9 /* CountryCollectionViewCell.swift */; };
		F02B482C1EA4BA1D00C407D9 /* GradientView.swift in Sources */ = {isa = PBXBuildFile; fileRef = F02B482B1EA4BA1D00C407D9 /* GradientView.swift */; };
		F02B482E1EA4BB5300C407D9 /* ShadowLabel.swift in Sources */ = {isa = PBXBuildFile; fileRef = F02B482D1EA4BB5300C407D9 /* ShadowLabel.swift */; };
		F02B48301EA4C13C00C407D9 /* CountryViewController.swift in Sources */ = {isa = PBXBuildFile; fileRef = F02B482F1EA4C13C00C407D9 /* CountryViewController.swift */; };
		F02B48321EA4CE2300C407D9 /* Persistable.swift in Sources */ = {isa = PBXBuildFile; fileRef = F02B48311EA4CE2300C407D9 /* Persistable.swift */; };
		F02B48341EA4CE4400C407D9 /* Country+Persistable.swift in Sources */ = {isa = PBXBuildFile; fileRef = F02B48331EA4CE4400C407D9 /* Country+Persistable.swift */; };
		F02B48361EA4D24000C407D9 /* CurrencyScene.swift in Sources */ = {isa = PBXBuildFile; fileRef = F02B48351EA4D24000C407D9 /* CurrencyScene.swift */; };
		F02B48381EA4E05000C407D9 /* PersistableTests.swift in Sources */ = {isa = PBXBuildFile; fileRef = F02B48371EA4E05000C407D9 /* PersistableTests.swift */; };
		F073F38E1EA4ECA30044FBFD /* APITests.swift in Sources */ = {isa = PBXBuildFile; fileRef = F073F38D1EA4ECA30044FBFD /* APITests.swift */; };
/* End PBXBuildFile section */

/* Begin PBXContainerItemProxy section */
		F02B48071EA49F5B00C407D9 /* PBXContainerItemProxy */ = {
			isa = PBXContainerItemProxy;
			containerPortal = F02B47EA1EA49F5B00C407D9 /* Project object */;
			proxyType = 1;
			remoteGlobalIDString = F02B47F11EA49F5B00C407D9;
			remoteInfo = XoomApplication;
		};
/* End PBXContainerItemProxy section */

/* Begin PBXFileReference section */
		F02B47F21EA49F5B00C407D9 /* XoomApplication.app */ = {isa = PBXFileReference; explicitFileType = wrapper.application; includeInIndex = 0; path = XoomApplication.app; sourceTree = BUILT_PRODUCTS_DIR; };
		F02B47F51EA49F5B00C407D9 /* AppDelegate.swift */ = {isa = PBXFileReference; lastKnownFileType = sourcecode.swift; path = AppDelegate.swift; sourceTree = "<group>"; };
		F02B47FA1EA49F5B00C407D9 /* Base */ = {isa = PBXFileReference; lastKnownFileType = file.storyboard; name = Base; path = Base.lproj/Main.storyboard; sourceTree = "<group>"; };
		F02B47FC1EA49F5B00C407D9 /* Assets.xcassets */ = {isa = PBXFileReference; lastKnownFileType = folder.assetcatalog; path = Assets.xcassets; sourceTree = "<group>"; };
		F02B47FF1EA49F5B00C407D9 /* Base */ = {isa = PBXFileReference; lastKnownFileType = file.storyboard; name = Base; path = Base.lproj/LaunchScreen.storyboard; sourceTree = "<group>"; };
		F02B48011EA49F5B00C407D9 /* Info.plist */ = {isa = PBXFileReference; lastKnownFileType = text.plist.xml; path = Info.plist; sourceTree = "<group>"; };
		F02B48061EA49F5B00C407D9 /* XoomApplicationTests.xctest */ = {isa = PBXFileReference; explicitFileType = wrapper.cfbundle; includeInIndex = 0; path = XoomApplicationTests.xctest; sourceTree = BUILT_PRODUCTS_DIR; };
		F02B480C1EA49F5B00C407D9 /* Info.plist */ = {isa = PBXFileReference; lastKnownFileType = text.plist.xml; path = Info.plist; sourceTree = "<group>"; };
		F02B48161EA49FF400C407D9 /* Country.swift */ = {isa = PBXFileReference; fileEncoding = 4; lastKnownFileType = sourcecode.swift; path = Country.swift; sourceTree = "<group>"; };
		F02B48181EA4A03B00C407D9 /* CountryCode.swift */ = {isa = PBXFileReference; fileEncoding = 4; lastKnownFileType = sourcecode.swift; path = CountryCode.swift; sourceTree = "<group>"; };
		F02B481B1EA4A1F200C407D9 /* APIManager.swift */ = {isa = PBXFileReference; fileEncoding = 4; lastKnownFileType = sourcecode.swift; path = APIManager.swift; sourceTree = "<group>"; };
		F02B481E1EA4A82E00C407D9 /* CountriesCollectionViewController.swift */ = {isa = PBXFileReference; fileEncoding = 4; lastKnownFileType = sourcecode.swift; path = CountriesCollectionViewController.swift; sourceTree = "<group>"; };
		F02B48211EA4AD0600C407D9 /* DataSource.swift */ = {isa = PBXFileReference; fileEncoding = 4; lastKnownFileType = sourcecode.swift; path = DataSource.swift; sourceTree = "<group>"; };
		F02B48231EA4ADE700C407D9 /* Country+DataSource.swift */ = {isa = PBXFileReference; fileEncoding = 4; lastKnownFileType = sourcecode.swift; path = "Country+DataSource.swift"; sourceTree = "<group>"; };
		F02B48281EA4B76700C407D9 /* CountryCollectionViewCell.swift */ = {isa = PBXFileReference; fileEncoding = 4; lastKnownFileType = sourcecode.swift; path = CountryCollectionViewCell.swift; sourceTree = "<group>"; };
		F02B482B1EA4BA1D00C407D9 /* GradientView.swift */ = {isa = PBXFileReference; fileEncoding = 4; lastKnownFileType = sourcecode.swift; path = GradientView.swift; sourceTree = "<group>"; };
		F02B482D1EA4BB5300C407D9 /* ShadowLabel.swift */ = {isa = PBXFileReference; fileEncoding = 4; lastKnownFileType = sourcecode.swift; path = ShadowLabel.swift; sourceTree = "<group>"; };
		F02B482F1EA4C13C00C407D9 /* CountryViewController.swift */ = {isa = PBXFileReference; fileEncoding = 4; lastKnownFileType = sourcecode.swift; path = CountryViewController.swift; sourceTree = "<group>"; };
		F02B48311EA4CE2300C407D9 /* Persistable.swift */ = {isa = PBXFileReference; fileEncoding = 4; lastKnownFileType = sourcecode.swift; path = Persistable.swift; sourceTree = "<group>"; };
		F02B48331EA4CE4400C407D9 /* Country+Persistable.swift */ = {isa = PBXFileReference; fileEncoding = 4; lastKnownFileType = sourcecode.swift; path = "Country+Persistable.swift"; sourceTree = "<group>"; };
		F02B48351EA4D24000C407D9 /* CurrencyScene.swift */ = {isa = PBXFileReference; fileEncoding = 4; lastKnownFileType = sourcecode.swift; path = CurrencyScene.swift; sourceTree = "<group>"; };
		F02B48371EA4E05000C407D9 /* PersistableTests.swift */ = {isa = PBXFileReference; fileEncoding = 4; lastKnownFileType = sourcecode.swift; path = PersistableTests.swift; sourceTree = "<group>"; };
		F073F38D1EA4ECA30044FBFD /* APITests.swift */ = {isa = PBXFileReference; fileEncoding = 4; lastKnownFileType = sourcecode.swift; path = APITests.swift; sourceTree = "<group>"; };
/* End PBXFileReference section */

/* Begin PBXFrameworksBuildPhase section */
		F02B47EF1EA49F5B00C407D9 /* Frameworks */ = {
			isa = PBXFrameworksBuildPhase;
			buildActionMask = 2147483647;
			files = (
			);
			runOnlyForDeploymentPostprocessing = 0;
		};
		F02B48031EA49F5B00C407D9 /* Frameworks */ = {
			isa = PBXFrameworksBuildPhase;
			buildActionMask = 2147483647;
			files = (
			);
			runOnlyForDeploymentPostprocessing = 0;
		};
/* End PBXFrameworksBuildPhase section */

/* Begin PBXGroup section */
		F02B47E91EA49F5B00C407D9 = {
			isa = PBXGroup;
			children = (
				F02B47F41EA49F5B00C407D9 /* XoomApplication */,
				F02B48091EA49F5B00C407D9 /* XoomApplicationTests */,
				F02B47F31EA49F5B00C407D9 /* Products */,
			);
			sourceTree = "<group>";
		};
		F02B47F31EA49F5B00C407D9 /* Products */ = {
			isa = PBXGroup;
			children = (
				F02B47F21EA49F5B00C407D9 /* XoomApplication.app */,
				F02B48061EA49F5B00C407D9 /* XoomApplicationTests.xctest */,
			);
			name = Products;
			sourceTree = "<group>";
		};
		F02B47F41EA49F5B00C407D9 /* XoomApplication */ = {
			isa = PBXGroup;
			children = (
				F02B47F91EA49F5B00C407D9 /* Main.storyboard */,
				F02B48271EA4B75700C407D9 /* Views */,
				F02B48201EA4ACE000C407D9 /* Protocols */,
				F02B481D1EA4A80B00C407D9 /* ViewControllers */,
				F02B481A1EA4A1E200C407D9 /* API */,
				F02B48151EA49FE100C407D9 /* Model */,
				F02B482A1EA4B8B400C407D9 /* SupportingFiles */,
			);
			path = XoomApplication;
			sourceTree = "<group>";
		};
		F02B48091EA49F5B00C407D9 /* XoomApplicationTests */ = {
			isa = PBXGroup;
			children = (
				F02B48371EA4E05000C407D9 /* PersistableTests.swift */,
				F073F38D1EA4ECA30044FBFD /* APITests.swift */,
				F02B480C1EA49F5B00C407D9 /* Info.plist */,
			);
			path = XoomApplicationTests;
			sourceTree = "<group>";
		};
		F02B48151EA49FE100C407D9 /* Model */ = {
			isa = PBXGroup;
			children = (
				F02B48161EA49FF400C407D9 /* Country.swift */,
				F02B48181EA4A03B00C407D9 /* CountryCode.swift */,
				F02B48231EA4ADE700C407D9 /* Country+DataSource.swift */,
				F02B48331EA4CE4400C407D9 /* Country+Persistable.swift */,
			);
			name = Model;
			sourceTree = "<group>";
		};
		F02B481A1EA4A1E200C407D9 /* API */ = {
			isa = PBXGroup;
			children = (
				F02B481B1EA4A1F200C407D9 /* APIManager.swift */,
			);
			name = API;
			sourceTree = "<group>";
		};
		F02B481D1EA4A80B00C407D9 /* ViewControllers */ = {
			isa = PBXGroup;
			children = (
				F02B481E1EA4A82E00C407D9 /* CountriesCollectionViewController.swift */,
				F02B482F1EA4C13C00C407D9 /* CountryViewController.swift */,
			);
			name = ViewControllers;
			sourceTree = "<group>";
		};
		F02B48201EA4ACE000C407D9 /* Protocols */ = {
			isa = PBXGroup;
			children = (
				F02B48311EA4CE2300C407D9 /* Persistable.swift */,
				F02B48211EA4AD0600C407D9 /* DataSource.swift */,
			);
			name = Protocols;
			sourceTree = "<group>";
		};
		F02B48271EA4B75700C407D9 /* Views */ = {
			isa = PBXGroup;
			children = (
				F02B48281EA4B76700C407D9 /* CountryCollectionViewCell.swift */,
				F02B482B1EA4BA1D00C407D9 /* GradientView.swift */,
				F02B482D1EA4BB5300C407D9 /* ShadowLabel.swift */,
				F02B48351EA4D24000C407D9 /* CurrencyScene.swift */,
			);
			name = Views;
			sourceTree = "<group>";
		};
		F02B482A1EA4B8B400C407D9 /* SupportingFiles */ = {
			isa = PBXGroup;
			children = (
				F02B47FC1EA49F5B00C407D9 /* Assets.xcassets */,
				F02B47F51EA49F5B00C407D9 /* AppDelegate.swift */,
				F02B47FE1EA49F5B00C407D9 /* LaunchScreen.storyboard */,
				F02B48011EA49F5B00C407D9 /* Info.plist */,
			);
			name = SupportingFiles;
			sourceTree = "<group>";
		};
/* End PBXGroup section */

/* Begin PBXNativeTarget section */
		F02B47F11EA49F5B00C407D9 /* XoomApplication */ = {
			isa = PBXNativeTarget;
			buildConfigurationList = F02B480F1EA49F5B00C407D9 /* Build configuration list for PBXNativeTarget "XoomApplication" */;
			buildPhases = (
				F02B47EE1EA49F5B00C407D9 /* Sources */,
				F02B47EF1EA49F5B00C407D9 /* Frameworks */,
				F02B47F01EA49F5B00C407D9 /* Resources */,
			);
			buildRules = (
			);
			dependencies = (
			);
			name = XoomApplication;
			productName = XoomApplication;
			productReference = F02B47F21EA49F5B00C407D9 /* XoomApplication.app */;
			productType = "com.apple.product-type.application";
		};
		F02B48051EA49F5B00C407D9 /* XoomApplicationTests */ = {
			isa = PBXNativeTarget;
			buildConfigurationList = F02B48121EA49F5B00C407D9 /* Build configuration list for PBXNativeTarget "XoomApplicationTests" */;
			buildPhases = (
				F02B48021EA49F5B00C407D9 /* Sources */,
				F02B48031EA49F5B00C407D9 /* Frameworks */,
				F02B48041EA49F5B00C407D9 /* Resources */,
			);
			buildRules = (
			);
			dependencies = (
				F02B48081EA49F5B00C407D9 /* PBXTargetDependency */,
			);
			name = XoomApplicationTests;
			productName = XoomApplicationTests;
			productReference = F02B48061EA49F5B00C407D9 /* XoomApplicationTests.xctest */;
			productType = "com.apple.product-type.bundle.unit-test";
		};
/* End PBXNativeTarget section */

/* Begin PBXProject section */
		F02B47EA1EA49F5B00C407D9 /* Project object */ = {
			isa = PBXProject;
			attributes = {
				LastSwiftUpdateCheck = 0830;
				LastUpgradeCheck = 0830;
				ORGANIZATIONNAME = "John Manos";
				TargetAttributes = {
					F02B47F11EA49F5B00C407D9 = {
						CreatedOnToolsVersion = 8.3.1;
						DevelopmentTeam = 54PH726UK4;
						ProvisioningStyle = Automatic;
					};
					F02B48051EA49F5B00C407D9 = {
						CreatedOnToolsVersion = 8.3.1;
						ProvisioningStyle = Automatic;
						TestTargetID = F02B47F11EA49F5B00C407D9;
					};
				};
			};
			buildConfigurationList = F02B47ED1EA49F5B00C407D9 /* Build configuration list for PBXProject "XoomApplication" */;
			compatibilityVersion = "Xcode 3.2";
			developmentRegion = English;
			hasScannedForEncodings = 0;
			knownRegions = (
				en,
				Base,
			);
			mainGroup = F02B47E91EA49F5B00C407D9;
			productRefGroup = F02B47F31EA49F5B00C407D9 /* Products */;
			projectDirPath = "";
			projectRoot = "";
			targets = (
				F02B47F11EA49F5B00C407D9 /* XoomApplication */,
				F02B48051EA49F5B00C407D9 /* XoomApplicationTests */,
			);
		};
/* End PBXProject section */

/* Begin PBXResourcesBuildPhase section */
		F02B47F01EA49F5B00C407D9 /* Resources */ = {
			isa = PBXResourcesBuildPhase;
			buildActionMask = 2147483647;
			files = (
				F02B48001EA49F5B00C407D9 /* LaunchScreen.storyboard in Resources */,
				F02B47FD1EA49F5B00C407D9 /* Assets.xcassets in Resources */,
				F02B47FB1EA49F5B00C407D9 /* Main.storyboard in Resources */,
			);
			runOnlyForDeploymentPostprocessing = 0;
		};
		F02B48041EA49F5B00C407D9 /* Resources */ = {
			isa = PBXResourcesBuildPhase;
			buildActionMask = 2147483647;
			files = (
			);
			runOnlyForDeploymentPostprocessing = 0;
		};
/* End PBXResourcesBuildPhase section */

/* Begin PBXSourcesBuildPhase section */
		F02B47EE1EA49F5B00C407D9 /* Sources */ = {
			isa = PBXSourcesBuildPhase;
			buildActionMask = 2147483647;
			files = (
				F02B482E1EA4BB5300C407D9 /* ShadowLabel.swift in Sources */,
				F02B48361EA4D24000C407D9 /* CurrencyScene.swift in Sources */,
				F02B48221EA4AD0600C407D9 /* DataSource.swift in Sources */,
				F02B48301EA4C13C00C407D9 /* CountryViewController.swift in Sources */,
				F02B48191EA4A03B00C407D9 /* CountryCode.swift in Sources */,
				F02B481C1EA4A1F200C407D9 /* APIManager.swift in Sources */,
				F02B48291EA4B76700C407D9 /* CountryCollectionViewCell.swift in Sources */,
				F02B48321EA4CE2300C407D9 /* Persistable.swift in Sources */,
				F02B481F1EA4A82E00C407D9 /* CountriesCollectionViewController.swift in Sources */,
				F02B48241EA4ADE700C407D9 /* Country+DataSource.swift in Sources */,
				F02B48341EA4CE4400C407D9 /* Country+Persistable.swift in Sources */,
				F02B48171EA49FF400C407D9 /* Country.swift in Sources */,
				F02B47F61EA49F5B00C407D9 /* AppDelegate.swift in Sources */,
				F02B482C1EA4BA1D00C407D9 /* GradientView.swift in Sources */,
			);
			runOnlyForDeploymentPostprocessing = 0;
		};
		F02B48021EA49F5B00C407D9 /* Sources */ = {
			isa = PBXSourcesBuildPhase;
			buildActionMask = 2147483647;
			files = (
				F02B48381EA4E05000C407D9 /* PersistableTests.swift in Sources */,
				F073F38E1EA4ECA30044FBFD /* APITests.swift in Sources */,
			);
			runOnlyForDeploymentPostprocessing = 0;
		};
/* End PBXSourcesBuildPhase section */

/* Begin PBXTargetDependency section */
		F02B48081EA49F5B00C407D9 /* PBXTargetDependency */ = {
			isa = PBXTargetDependency;
			target = F02B47F11EA49F5B00C407D9 /* XoomApplication */;
			targetProxy = F02B48071EA49F5B00C407D9 /* PBXContainerItemProxy */;
		};
/* End PBXTargetDependency section */

/* Begin PBXVariantGroup section */
		F02B47F91EA49F5B00C407D9 /* Main.storyboard */ = {
			isa = PBXVariantGroup;
			children = (
				F02B47FA1EA49F5B00C407D9 /* Base */,
			);
			name = Main.storyboard;
			sourceTree = "<group>";
		};
		F02B47FE1EA49F5B00C407D9 /* LaunchScreen.storyboard */ = {
			isa = PBXVariantGroup;
			children = (
				F02B47FF1EA49F5B00C407D9 /* Base */,
			);
			name = LaunchScreen.storyboard;
			sourceTree = "<group>";
		};
/* End PBXVariantGroup section */

/* Begin XCBuildConfiguration section */
		F02B480D1EA49F5B00C407D9 /* Debug */ = {
			isa = XCBuildConfiguration;
			buildSettings = {
				ALWAYS_SEARCH_USER_PATHS = NO;
				CLANG_ANALYZER_NONNULL = YES;
				CLANG_ANALYZER_NUMBER_OBJECT_CONVERSION = YES_AGGRESSIVE;
				CLANG_CXX_LANGUAGE_STANDARD = "gnu++0x";
				CLANG_CXX_LIBRARY = "libc++";
				CLANG_ENABLE_MODULES = YES;
				CLANG_ENABLE_OBJC_ARC = YES;
				CLANG_WARN_BOOL_CONVERSION = YES;
				CLANG_WARN_CONSTANT_CONVERSION = YES;
				CLANG_WARN_DIRECT_OBJC_ISA_USAGE = YES_ERROR;
				CLANG_WARN_DOCUMENTATION_COMMENTS = YES;
				CLANG_WARN_EMPTY_BODY = YES;
				CLANG_WARN_ENUM_CONVERSION = YES;
				CLANG_WARN_INFINITE_RECURSION = YES;
				CLANG_WARN_INT_CONVERSION = YES;
				CLANG_WARN_OBJC_ROOT_CLASS = YES_ERROR;
				CLANG_WARN_SUSPICIOUS_MOVE = YES;
				CLANG_WARN_UNREACHABLE_CODE = YES;
				CLANG_WARN__DUPLICATE_METHOD_MATCH = YES;
				"CODE_SIGN_IDENTITY[sdk=iphoneos*]" = "iPhone Developer";
				COPY_PHASE_STRIP = NO;
				DEBUG_INFORMATION_FORMAT = dwarf;
				ENABLE_STRICT_OBJC_MSGSEND = YES;
				ENABLE_TESTABILITY = YES;
				GCC_C_LANGUAGE_STANDARD = gnu99;
				GCC_DYNAMIC_NO_PIC = NO;
				GCC_NO_COMMON_BLOCKS = YES;
				GCC_OPTIMIZATION_LEVEL = 0;
				GCC_PREPROCESSOR_DEFINITIONS = (
					"DEBUG=1",
					"$(inherited)",
				);
				GCC_WARN_64_TO_32_BIT_CONVERSION = YES;
				GCC_WARN_ABOUT_RETURN_TYPE = YES_ERROR;
				GCC_WARN_UNDECLARED_SELECTOR = YES;
				GCC_WARN_UNINITIALIZED_AUTOS = YES_AGGRESSIVE;
				GCC_WARN_UNUSED_FUNCTION = YES;
				GCC_WARN_UNUSED_VARIABLE = YES;
				IPHONEOS_DEPLOYMENT_TARGET = 10.3;
				MTL_ENABLE_DEBUG_INFO = YES;
				ONLY_ACTIVE_ARCH = YES;
				SDKROOT = iphoneos;
				SWIFT_ACTIVE_COMPILATION_CONDITIONS = DEBUG;
				SWIFT_OPTIMIZATION_LEVEL = "-Onone";
				SWIFT_VERSION = 3.0;
				TARGETED_DEVICE_FAMILY = "1,2";
			};
			name = Debug;
		};
		F02B480E1EA49F5B00C407D9 /* Release */ = {
			isa = XCBuildConfiguration;
			buildSettings = {
				ALWAYS_SEARCH_USER_PATHS = NO;
				CLANG_ANALYZER_NONNULL = YES;
				CLANG_ANALYZER_NUMBER_OBJECT_CONVERSION = YES_AGGRESSIVE;
				CLANG_CXX_LANGUAGE_STANDARD = "gnu++0x";
				CLANG_CXX_LIBRARY = "libc++";
				CLANG_ENABLE_MODULES = YES;
				CLANG_ENABLE_OBJC_ARC = YES;
				CLANG_WARN_BOOL_CONVERSION = YES;
				CLANG_WARN_CONSTANT_CONVERSION = YES;
				CLANG_WARN_DIRECT_OBJC_ISA_USAGE = YES_ERROR;
				CLANG_WARN_DOCUMENTATION_COMMENTS = YES;
				CLANG_WARN_EMPTY_BODY = YES;
				CLANG_WARN_ENUM_CONVERSION = YES;
				CLANG_WARN_INFINITE_RECURSION = YES;
				CLANG_WARN_INT_CONVERSION = YES;
				CLANG_WARN_OBJC_ROOT_CLASS = YES_ERROR;
				CLANG_WARN_SUSPICIOUS_MOVE = YES;
				CLANG_WARN_UNREACHABLE_CODE = YES;
				CLANG_WARN__DUPLICATE_METHOD_MATCH = YES;
				"CODE_SIGN_IDENTITY[sdk=iphoneos*]" = "iPhone Developer";
				COPY_PHASE_STRIP = NO;
				DEBUG_INFORMATION_FORMAT = "dwarf-with-dsym";
				ENABLE_NS_ASSERTIONS = NO;
				ENABLE_STRICT_OBJC_MSGSEND = YES;
				GCC_C_LANGUAGE_STANDARD = gnu99;
				GCC_NO_COMMON_BLOCKS = YES;
				GCC_WARN_64_TO_32_BIT_CONVERSION = YES;
				GCC_WARN_ABOUT_RETURN_TYPE = YES_ERROR;
				GCC_WARN_UNDECLARED_SELECTOR = YES;
				GCC_WARN_UNINITIALIZED_AUTOS = YES_AGGRESSIVE;
				GCC_WARN_UNUSED_FUNCTION = YES;
				GCC_WARN_UNUSED_VARIABLE = YES;
				IPHONEOS_DEPLOYMENT_TARGET = 10.3;
				MTL_ENABLE_DEBUG_INFO = NO;
				SDKROOT = iphoneos;
				SWIFT_OPTIMIZATION_LEVEL = "-Owholemodule";
				SWIFT_VERSION = 3.0;
				TARGETED_DEVICE_FAMILY = "1,2";
				VALIDATE_PRODUCT = YES;
			};
			name = Release;
		};
		F02B48101EA49F5B00C407D9 /* Debug */ = {
			isa = XCBuildConfiguration;
			buildSettings = {
				ASSETCATALOG_COMPILER_APPICON_NAME = AppIcon;
				DEVELOPMENT_TEAM = 54PH726UK4;
				INFOPLIST_FILE = XoomApplication/Info.plist;
				LD_RUNPATH_SEARCH_PATHS = "$(inherited) @executable_path/Frameworks";
				PRODUCT_BUNDLE_IDENTIFIER = jmmanos.XoomApplication;
				PRODUCT_NAME = "$(TARGET_NAME)";
				SWIFT_VERSION = 3.0;
			};
			name = Debug;
		};
		F02B48111EA49F5B00C407D9 /* Release */ = {
			isa = XCBuildConfiguration;
			buildSettings = {
				ASSETCATALOG_COMPILER_APPICON_NAME = AppIcon;
				DEVELOPMENT_TEAM = 54PH726UK4;
				INFOPLIST_FILE = XoomApplication/Info.plist;
				LD_RUNPATH_SEARCH_PATHS = "$(inherited) @executable_path/Frameworks";
				PRODUCT_BUNDLE_IDENTIFIER = jmmanos.XoomApplication;
				PRODUCT_NAME = "$(TARGET_NAME)";
				SWIFT_VERSION = 3.0;
			};
			name = Release;
		};
		F02B48131EA49F5B00C407D9 /* Debug */ = {
			isa = XCBuildConfiguration;
			buildSettings = {
				ALWAYS_EMBED_SWIFT_STANDARD_LIBRARIES = YES;
				BUNDLE_LOADER = "$(TEST_HOST)";
				"CODE_SIGN_IDENTITY[sdk=iphoneos*]" = "iPhone Developer";
				DEVELOPMENT_TEAM = "";
				INFOPLIST_FILE = XoomApplicationTests/Info.plist;
				LD_RUNPATH_SEARCH_PATHS = "$(inherited) @executable_path/Frameworks @loader_path/Frameworks";
				PRODUCT_BUNDLE_IDENTIFIER = jmmanos.XoomApplicationTests;
				PRODUCT_NAME = "$(TARGET_NAME)";
				PROVISIONING_PROFILE_SPECIFIER = "";
				SWIFT_VERSION = 3.0;
				TEST_HOST = "$(BUILT_PRODUCTS_DIR)/XoomApplication.app/XoomApplication";
			};
			name = Debug;
		};
		F02B48141EA49F5B00C407D9 /* Release */ = {
			isa = XCBuildConfiguration;
			buildSettings = {
				ALWAYS_EMBED_SWIFT_STANDARD_LIBRARIES = YES;
				BUNDLE_LOADER = "$(TEST_HOST)";
				"CODE_SIGN_IDENTITY[sdk=iphoneos*]" = "iPhone Developer";
				DEVELOPMENT_TEAM = "";
				INFOPLIST_FILE = XoomApplicationTests/Info.plist;
				LD_RUNPATH_SEARCH_PATHS = "$(inherited) @executable_path/Frameworks @loader_path/Frameworks";
				PRODUCT_BUNDLE_IDENTIFIER = jmmanos.XoomApplicationTests;
				PRODUCT_NAME = "$(TARGET_NAME)";
				PROVISIONING_PROFILE_SPECIFIER = "";
				SWIFT_VERSION = 3.0;
				TEST_HOST = "$(BUILT_PRODUCTS_DIR)/XoomApplication.app/XoomApplication";
			};
			name = Release;
		};
/* End XCBuildConfiguration section */

/* Begin XCConfigurationList section */
		F02B47ED1EA49F5B00C407D9 /* Build configuration list for PBXProject "XoomApplication" */ = {
			isa = XCConfigurationList;
			buildConfigurations = (
				F02B480D1EA49F5B00C407D9 /* Debug */,
				F02B480E1EA49F5B00C407D9 /* Release */,
			);
			defaultConfigurationIsVisible = 0;
			defaultConfigurationName = Release;
		};
		F02B480F1EA49F5B00C407D9 /* Build configuration list for PBXNativeTarget "XoomApplication" */ = {
			isa = XCConfigurationList;
			buildConfigurations = (
				F02B48101EA49F5B00C407D9 /* Debug */,
				F02B48111EA49F5B00C407D9 /* Release */,
			);
			defaultConfigurationIsVisible = 0;
			defaultConfigurationName = Release;
		};
		F02B48121EA49F5B00C407D9 /* Build configuration list for PBXNativeTarget "XoomApplicationTests" */ = {
			isa = XCConfigurationList;
			buildConfigurations = (
				F02B48131EA49F5B00C407D9 /* Debug */,
				F02B48141EA49F5B00C407D9 /* Release */,
			);
			defaultConfigurationIsVisible = 0;
			defaultConfigurationName = Release;
		};
/* End XCConfigurationList section */
	};
	rootObject = F02B47EA1EA49F5B00C407D9 /* Project object */;
}
